
Microsoft Visual Studio Solution File, Format Version 12.00
# Visual Studio Version 16
VisualStudioVersion = 16.0.30907.101
MinimumVisualStudioVersion = 10.0.40219.1
Project("{FAE04EC0-301F-11D3-BF4B-00C04F79EFBC}") = "Presentationslager", "PresentatationLayerExpApp\Presentationslager.csproj", "{602EA9DE-8952-4DB3-A169-1CDF50C9630B}"
EndProject
Project("{FAE04EC0-301F-11D3-BF4B-00C04F79EFBC}") = "Affärslager", "BusinessLayer\Affärslager.csproj", "{40059FE7-2DB4-459B-BDC2-0B5477DF6DFF}"
EndProject
Global
	GlobalSection(SolutionConfigurationPlatforms) = preSolution
		Debug|Any CPU = Debug|Any CPU
		Release|Any CPU = Release|Any CPU
	EndGlobalSection
	GlobalSection(ProjectConfigurationPlatforms) = postSolution
		{602EA9DE-8952-4DB3-A169-1CDF50C9630B}.Debug|Any CPU.ActiveCfg = Debug|Any CPU
		{602EA9DE-8952-4DB3-A169-1CDF50C9630B}.Debug|Any CPU.Build.0 = Debug|Any CPU
		{602EA9DE-8952-4DB3-A169-1CDF50C9630B}.Release|Any CPU.ActiveCfg = Release|Any CPU
		{602EA9DE-8952-4DB3-A169-1CDF50C9630B}.Release|Any CPU.Build.0 = Release|Any CPU
		{40059FE7-2DB4-459B-BDC2-0B5477DF6DFF}.Debug|Any CPU.ActiveCfg = Debug|Any CPU
		{40059FE7-2DB4-459B-BDC2-0B5477DF6DFF}.Debug|Any CPU.Build.0 = Debug|Any CPU
		{40059FE7-2DB4-459B-BDC2-0B5477DF6DFF}.Release|Any CPU.ActiveCfg = Release|Any CPU
		{40059FE7-2DB4-459B-BDC2-0B5477DF6DFF}.Release|Any CPU.Build.0 = Release|Any CPU
	EndGlobalSection
	GlobalSection(SolutionProperties) = preSolution
		HideSolutionNode = FALSE
	EndGlobalSection
	GlobalSection(ExtensibilityGlobals) = postSolution
		SolutionGuid = {AC28A06F-B703-4CE2-BF2F-B7B4DDBDC796}
	EndGlobalSection
EndGlobal
